dependencies:
- name: victoria-metrics-single
  repository: https://victoriametrics.github.io/helm-charts
  version: 0.42.0
- name: victoria-logs-single
  repository: https://victoriametrics.github.io/helm-charts
  version: 0.13.8
- name: tempo
  repository: oci://ghcr.io/grafana-community/helm-charts
  version: 1.26.7
digest: sha256:a22b212b5ef8c04a6674f9f00a0671e51bc6564afaee4def73418557056eb4ba
generated: "2026-07-11T00:02:41.233166+05:30"
